
Microsoft Visual Studio Solution File, Format Version 11.00
# Visual Studio 2010
Project("{FAE04EC0-301F-11D3-BF4B-00C04F79EFBC}") = "Dfp", "src\Dfp\Dfp.csproj", "{CE15CE8A-532B-49DA-8CF7-2BFCDEE845DB}"
EndProject
Project("{FAE04EC0-301F-11D3-BF4B-00C04F79EFBC}") = "Dfp.Examples", "examples\Dfp.Examples.csproj", "{65E3CAA4-8EE5-414A-AC88-02E4F33EC954}"
EndProject
Project("{FAE04EC0-301F-11D3-BF4B-00C04F79EFBC}") = "Common", "src\Common\Common.csproj", "{277404DB-A439-4450-B3A5-186294CDF245}"
EndProject
Project("{FAE04EC0-301F-11D3-BF4B-00C04F79EFBC}") = "Dfp.Tests", "tests\Dfp\Dfp.Tests.csproj", "{FB12F1ED-8B46-4F49-8B0C-0F948DF7BB51}"
EndProject
Project("{FAE04EC0-301F-11D3-BF4B-00C04F79EFBC}") = "Common.OAuth", "src\Common\OAuth\Common.OAuth.csproj", "{0A341427-343C-48EB-BF04-699C5D0C2508}"
EndProject
Project("{FAE04EC0-301F-11D3-BF4B-00C04F79EFBC}") = "Dfp.Examples.OAuth", "examples\oauth\Dfp.Examples.OAuth.csproj", "{4641ADD7-0D1F-473D-B713-2830C5029367}"
EndProject
Project("{FAE04EC0-301F-11D3-BF4B-00C04F79EFBC}") = "Common.Tests", "tests\Common\Common.Tests.csproj", "{7AA5533E-FED0-4E0C-919C-19E7D7EE2FF6}"
EndProject
Project("{FAE04EC0-301F-11D3-BF4B-00C04F79EFBC}") = "Common.OAuth.Tests", "tests\Common\oauth\Common.OAuth.Tests.csproj", "{B14B3B4A-8665-4B8F-81D4-CFF3245C6B0D}"
EndProject
Global
	GlobalSection(SolutionConfigurationPlatforms) = preSolution
		Debug|Any CPU = Debug|Any CPU
		Release|Any CPU = Release|Any CPU
	EndGlobalSection
	GlobalSection(ProjectConfigurationPlatforms) = postSolution
		{CE15CE8A-532B-49DA-8CF7-2BFCDEE845DB}.Debug|Any CPU.ActiveCfg = Debug|Any CPU
		{CE15CE8A-532B-49DA-8CF7-2BFCDEE845DB}.Debug|Any CPU.Build.0 = Debug|Any CPU
		{CE15CE8A-532B-49DA-8CF7-2BFCDEE845DB}.Release|Any CPU.ActiveCfg = Release|Any CPU
		{CE15CE8A-532B-49DA-8CF7-2BFCDEE845DB}.Release|Any CPU.Build.0 = Release|Any CPU
		{65E3CAA4-8EE5-414A-AC88-02E4F33EC954}.Debug|Any CPU.ActiveCfg = Debug|Any CPU
		{65E3CAA4-8EE5-414A-AC88-02E4F33EC954}.Debug|Any CPU.Build.0 = Debug|Any CPU
		{65E3CAA4-8EE5-414A-AC88-02E4F33EC954}.Release|Any CPU.ActiveCfg = Release|Any CPU
		{65E3CAA4-8EE5-414A-AC88-02E4F33EC954}.Release|Any CPU.Build.0 = Release|Any CPU
		{277404DB-A439-4450-B3A5-186294CDF245}.Debug|Any CPU.ActiveCfg = Debug|Any CPU
		{277404DB-A439-4450-B3A5-186294CDF245}.Debug|Any CPU.Build.0 = Debug|Any CPU
		{277404DB-A439-4450-B3A5-186294CDF245}.Release|Any CPU.ActiveCfg = Release|Any CPU
		{277404DB-A439-4450-B3A5-186294CDF245}.Release|Any CPU.Build.0 = Release|Any CPU
		{FB12F1ED-8B46-4F49-8B0C-0F948DF7BB51}.Debug|Any CPU.ActiveCfg = Debug|Any CPU
		{FB12F1ED-8B46-4F49-8B0C-0F948DF7BB51}.Debug|Any CPU.Build.0 = Debug|Any CPU
		{FB12F1ED-8B46-4F49-8B0C-0F948DF7BB51}.Release|Any CPU.ActiveCfg = Release|Any CPU
		{FB12F1ED-8B46-4F49-8B0C-0F948DF7BB51}.Release|Any CPU.Build.0 = Release|Any CPU
		{0A341427-343C-48EB-BF04-699C5D0C2508}.Debug|Any CPU.ActiveCfg = Debug|Any CPU
		{0A341427-343C-48EB-BF04-699C5D0C2508}.Debug|Any CPU.Build.0 = Debug|Any CPU
		{0A341427-343C-48EB-BF04-699C5D0C2508}.Release|Any CPU.ActiveCfg = Release|Any CPU
		{0A341427-343C-48EB-BF04-699C5D0C2508}.Release|Any CPU.Build.0 = Release|Any CPU
		{4641ADD7-0D1F-473D-B713-2830C5029367}.Debug|Any CPU.ActiveCfg = Debug|Any CPU
		{4641ADD7-0D1F-473D-B713-2830C5029367}.Debug|Any CPU.Build.0 = Debug|Any CPU
		{4641ADD7-0D1F-473D-B713-2830C5029367}.Release|Any CPU.ActiveCfg = Release|Any CPU
		{4641ADD7-0D1F-473D-B713-2830C5029367}.Release|Any CPU.Build.0 = Release|Any CPU
		{7AA5533E-FED0-4E0C-919C-19E7D7EE2FF6}.Debug|Any CPU.ActiveCfg = Debug|Any CPU
		{7AA5533E-FED0-4E0C-919C-19E7D7EE2FF6}.Debug|Any CPU.Build.0 = Debug|Any CPU
		{7AA5533E-FED0-4E0C-919C-19E7D7EE2FF6}.Release|Any CPU.ActiveCfg = Release|Any CPU
		{7AA5533E-FED0-4E0C-919C-19E7D7EE2FF6}.Release|Any CPU.Build.0 = Release|Any CPU
		{B14B3B4A-8665-4B8F-81D4-CFF3245C6B0D}.Debug|Any CPU.ActiveCfg = Debug|Any CPU
		{B14B3B4A-8665-4B8F-81D4-CFF3245C6B0D}.Debug|Any CPU.Build.0 = Debug|Any CPU
		{B14B3B4A-8665-4B8F-81D4-CFF3245C6B0D}.Release|Any CPU.ActiveCfg = Release|Any CPU
		{B14B3B4A-8665-4B8F-81D4-CFF3245C6B0D}.Release|Any CPU.Build.0 = Release|Any CPU
	EndGlobalSection
	GlobalSection(SolutionProperties) = preSolution
		HideSolutionNode = FALSE
	EndGlobalSection
EndGlobal
