
Microsoft Visual Studio Solution File, Format Version 9.00
# Visual Studio 2005
Project("{FAE04EC0-301F-11D3-BF4B-00C04F79EFBC}") = "Examples", "Examples\Examples.csproj", "{6E314C85-32A9-4015-AC92-FBCF7BB52454}"
EndProject
Project("{FAE04EC0-301F-11D3-BF4B-00C04F79EFBC}") = "google-api-adwords-dotnet", "google-api-adwords-dotnet.csproj", "{B701ED76-54AE-4591-86DE-EDCD0D8DAC6C}"
EndProject
Global
	GlobalSection(SolutionConfigurationPlatforms) = preSolution
		Debug|Any CPU = Debug|Any CPU
		Release|Any CPU = Release|Any CPU
	EndGlobalSection
	GlobalSection(ProjectConfigurationPlatforms) = postSolution
		{6E314C85-32A9-4015-AC92-FBCF7BB52454}.Debug|Any CPU.ActiveCfg = Debug|Any CPU
		{6E314C85-32A9-4015-AC92-FBCF7BB52454}.Debug|Any CPU.Build.0 = Debug|Any CPU
		{6E314C85-32A9-4015-AC92-FBCF7BB52454}.Release|Any CPU.ActiveCfg = Release|Any CPU
		{6E314C85-32A9-4015-AC92-FBCF7BB52454}.Release|Any CPU.Build.0 = Release|Any CPU
		{B701ED76-54AE-4591-86DE-EDCD0D8DAC6C}.Debug|Any CPU.ActiveCfg = Debug|Any CPU
		{B701ED76-54AE-4591-86DE-EDCD0D8DAC6C}.Debug|Any CPU.Build.0 = Debug|Any CPU
		{B701ED76-54AE-4591-86DE-EDCD0D8DAC6C}.Release|Any CPU.ActiveCfg = Release|Any CPU
		{B701ED76-54AE-4591-86DE-EDCD0D8DAC6C}.Release|Any CPU.Build.0 = Release|Any CPU
	EndGlobalSection
	GlobalSection(SolutionProperties) = preSolution
		HideSolutionNode = FALSE
	EndGlobalSection
EndGlobal
