Microsoft Visual Studio Solution File, Format Version 9.00
# Visual Studio 2005
Project("{FAE04EC0-301F-11D3-BF4B-00C04F79EFBC}") = "google-api-adwords-dotnet", "google-api-adwords-dotnet.csproj", "{3AA022DC-E8BC-4FED-98A3-1CAECA726C42}"
EndProject
Project("{FAE04EC0-301F-11D3-BF4B-00C04F79EFBC}") = "Examples", "Examples\Examples.csproj", "{1DF6FFA1-85EC-4FD9-BE35-32E5A3CD8F48}"
EndProject
Global
	GlobalSection(SolutionConfigurationPlatforms) = preSolution
		Debug|Any CPU = Debug|Any CPU
		Release|Any CPU = Release|Any CPU
	EndGlobalSection
	GlobalSection(ProjectConfigurationPlatforms) = postSolution
		{3AA022DC-E8BC-4FED-98A3-1CAECA726C42}.Debug|Any CPU.ActiveCfg = Debug|Any CPU
		{3AA022DC-E8BC-4FED-98A3-1CAECA726C42}.Debug|Any CPU.Build.0 = Debug|Any CPU
		{3AA022DC-E8BC-4FED-98A3-1CAECA726C42}.Release|Any CPU.ActiveCfg = Release|Any CPU
		{3AA022DC-E8BC-4FED-98A3-1CAECA726C42}.Release|Any CPU.Build.0 = Release|Any CPU
		{1DF6FFA1-85EC-4FD9-BE35-32E5A3CD8F48}.Debug|Any CPU.ActiveCfg = Debug|Any CPU
		{1DF6FFA1-85EC-4FD9-BE35-32E5A3CD8F48}.Debug|Any CPU.Build.0 = Debug|Any CPU
		{1DF6FFA1-85EC-4FD9-BE35-32E5A3CD8F48}.Release|Any CPU.ActiveCfg = Release|Any CPU
		{1DF6FFA1-85EC-4FD9-BE35-32E5A3CD8F48}.Release|Any CPU.Build.0 = Release|Any CPU
	EndGlobalSection
	GlobalSection(SolutionProperties) = preSolution
		HideSolutionNode = FALSE
	EndGlobalSection
EndGlobal
